// !$*UTF8*$!
{
	archiveVersion = 1;
	classes = {
	};
	objectVersion = 56;
	objects = {

/* Begin PBXBuildFile section */
		0F59015529CA68AD00B69DB3 /* ScanImagesPOCApp.swift in Sources */ = {isa = PBXBuildFile; fileRef = 0F59015429CA68AD00B69DB3 /* ScanImagesPOCApp.swift */; };
		0F59015729CA68AD00B69DB3 /* Persistence.swift in Sources */ = {isa = PBXBuildFile; fileRef = 0F59015629CA68AD00B69DB3 /* Persistence.swift */; };
		0F59015A29CA68AD00B69DB3 /* ScanImagesPOC.xcdatamodeld in Sources */ = {isa = PBXBuildFile; fileRef = 0F59015829CA68AD00B69DB3 /* ScanImagesPOC.xcdatamodeld */; };
		0F59015C29CA68AD00B69DB3 /* ScanView.swift in Sources */ = {isa = PBXBuildFile; fileRef = 0F59015B29CA68AD00B69DB3 /* ScanView.swift */; };
		0F59015E29CA68AF00B69DB3 /* Assets.xcassets in Resources */ = {isa = PBXBuildFile; fileRef = 0F59015D29CA68AF00B69DB3 /* Assets.xcassets */; };
		0F59016229CA68AF00B69DB3 /* Preview Assets.xcassets in Resources */ = {isa = PBXBuildFile; fileRef = 0F59016129CA68AF00B69DB3 /* Preview Assets.xcassets */; };
		0F59016C29CA68AF00B69DB3 /* ScanImagesPOCTests.swift in Sources */ = {isa = PBXBuildFile; fileRef = 0F59016B29CA68AF00B69DB3 /* ScanImagesPOCTests.swift */; };
		0F59017629CA68AF00B69DB3 /* ScanImagesPOCUITests.swift in Sources */ = {isa = PBXBuildFile; fileRef = 0F59017529CA68AF00B69DB3 /* ScanImagesPOCUITests.swift */; };
		0F59017829CA68AF00B69DB3 /* ScanImagesPOCUITestsLaunchTests.swift in Sources */ = {isa = PBXBuildFile; fileRef = 0F59017729CA68AF00B69DB3 /* ScanImagesPOCUITestsLaunchTests.swift */; };
		0F59018B29CA751B00B69DB3 /* ScanViewModel.swift in Sources */ = {isa = PBXBuildFile; fileRef = 0F59018A29CA751B00B69DB3 /* ScanViewModel.swift */; };
/* End PBXBuildFile section */

/* Begin PBXContainerItemProxy section */
		0F59016829CA68AF00B69DB3 /* PBXContainerItemProxy */ = {
			isa = PBXContainerItemProxy;
			containerPortal = 0F59014929CA68AD00B69DB3 /* Project object */;
			proxyType = 1;
			remoteGlobalIDString = 0F59015029CA68AD00B69DB3;
			remoteInfo = ScanImagesPOC;
		};
		0F59017229CA68AF00B69DB3 /* PBXContainerItemProxy */ = {
			isa = PBXContainerItemProxy;
			containerPortal = 0F59014929CA68AD00B69DB3 /* Project object */;
			proxyType = 1;
			remoteGlobalIDString = 0F59015029CA68AD00B69DB3;
			remoteInfo = ScanImagesPOC;
		};
/* End PBXContainerItemProxy section */

/* Begin PBXFileReference section */
		0F59015129CA68AD00B69DB3 /* ScanImagesPOC.app */ = {isa = PBXFileReference; explicitFileType = wrapper.application; includeInIndex = 0; path = ScanImagesPOC.app; sourceTree = BUILT_PRODUCTS_DIR; };
		0F59015429CA68AD00B69DB3 /* ScanImagesPOCApp.swift */ = {isa = PBXFileReference; lastKnownFileType = sourcecode.swift; path = ScanImagesPOCApp.swift; sourceTree = "<group>"; };
		0F59015629CA68AD00B69DB3 /* Persistence.swift */ = {isa = PBXFileReference; lastKnownFileType = sourcecode.swift; path = Persistence.swift; sourceTree = "<group>"; };
		0F59015929CA68AD00B69DB3 /* ScanImagesPOC.xcdatamodel */ = {isa = PBXFileReference; lastKnownFileType = wrapper.xcdatamodel; path = ScanImagesPOC.xcdatamodel; sourceTree = "<group>"; };
		0F59015B29CA68AD00B69DB3 /* ScanView.swift */ = {isa = PBXFileReference; lastKnownFileType = sourcecode.swift; path = ScanView.swift; sourceTree = "<group>"; };
		0F59015D29CA68AF00B69DB3 /* Assets.xcassets */ = {isa = PBXFileReference; lastKnownFileType = folder.assetcatalog; path = Assets.xcassets; sourceTree = "<group>"; };
		0F59016129CA68AF00B69DB3 /* Preview Assets.xcassets */ = {isa = PBXFileReference; lastKnownFileType = folder.assetcatalog; path = "Preview Assets.xcassets"; sourceTree = "<group>"; };
		0F59016729CA68AF00B69DB3 /* ScanImagesPOCTests.xctest */ = {isa = PBXFileReference; explicitFileType = wrapper.cfbundle; includeInIndex = 0; path = ScanImagesPOCTests.xctest; sourceTree = BUILT_PRODUCTS_DIR; };
		0F59016B29CA68AF00B69DB3 /* ScanImagesPOCTests.swift */ = {isa = PBXFileReference; lastKnownFileType = sourcecode.swift; path = ScanImagesPOCTests.swift; sourceTree = "<group>"; };
		0F59017129CA68AF00B69DB3 /* ScanImagesPOCUITests.xctest */ = {isa = PBXFileReference; explicitFileType = wrapper.cfbundle; includeInIndex = 0; path = ScanImagesPOCUITests.xctest; sourceTree = BUILT_PRODUCTS_DIR; };
		0F59017529CA68AF00B69DB3 /* ScanImagesPOCUITests.swift */ = {isa = PBXFileReference; lastKnownFileType = sourcecode.swift; path = ScanImagesPOCUITests.swift; sourceTree = "<group>"; };
		0F59017729CA68AF00B69DB3 /* ScanImagesPOCUITestsLaunchTests.swift */ = {isa = PBXFileReference; lastKnownFileType = sourcecode.swift; path = ScanImagesPOCUITestsLaunchTests.swift; sourceTree = "<group>"; };
		0F59018A29CA751B00B69DB3 /* ScanViewModel.swift */ = {isa = PBXFileReference; lastKnownFileType = sourcecode.swift; path = ScanViewModel.swift; sourceTree = "<group>"; };
/* End PBXFileReference section */

/* Begin PBXFrameworksBuildPhase section */
		0F59014E29CA68AD00B69DB3 /* Frameworks */ = {
			isa = PBXFrameworksBuildPhase;
			buildActionMask = 2147483647;
			files = (
			);
			runOnlyForDeploymentPostprocessing = 0;
		};
		0F59016429CA68AF00B69DB3 /* Frameworks */ = {
			isa = PBXFrameworksBuildPhase;
			buildActionMask = 2147483647;
			files = (
			);
			runOnlyForDeploymentPostprocessing = 0;
		};
		0F59016E29CA68AF00B69DB3 /* Frameworks */ = {
			isa = PBXFrameworksBuildPhase;
			buildActionMask = 2147483647;
			files = (
			);
			runOnlyForDeploymentPostprocessing = 0;
		};
/* End PBXFrameworksBuildPhase section */

/* Begin PBXGroup section */
		0F59014829CA68AD00B69DB3 = {
			isa = PBXGroup;
			children = (
				0F59015329CA68AD00B69DB3 /* ScanImagesPOC */,
				0F59016A29CA68AF00B69DB3 /* ScanImagesPOCTests */,
				0F59017429CA68AF00B69DB3 /* ScanImagesPOCUITests */,
				0F59015229CA68AD00B69DB3 /* Products */,
			);
			sourceTree = "<group>";
		};
		0F59015229CA68AD00B69DB3 /* Products */ = {
			isa = PBXGroup;
			children = (
				0F59015129CA68AD00B69DB3 /* ScanImagesPOC.app */,
				0F59016729CA68AF00B69DB3 /* ScanImagesPOCTests.xctest */,
				0F59017129CA68AF00B69DB3 /* ScanImagesPOCUITests.xctest */,
			);
			name = Products;
			sourceTree = "<group>";
		};
		0F59015329CA68AD00B69DB3 /* ScanImagesPOC */ = {
			isa = PBXGroup;
			children = (
				0F59018C29CA753600B69DB3 /* App */,
				0F59018929CA74F000B69DB3 /* ViewModel */,
				0F59018829CA74E700B69DB3 /* View */,
				0F59015629CA68AD00B69DB3 /* Persistence.swift */,
				0F59015D29CA68AF00B69DB3 /* Assets.xcassets */,
				0F59015829CA68AD00B69DB3 /* ScanImagesPOC.xcdatamodeld */,
				0F59016029CA68AF00B69DB3 /* Preview Content */,
			);
			path = ScanImagesPOC;
			sourceTree = "<group>";
		};
		0F59016029CA68AF00B69DB3 /* Preview Content */ = {
			isa = PBXGroup;
			children = (
				0F59016129CA68AF00B69DB3 /* Preview Assets.xcassets */,
			);
			path = "Preview Content";
			sourceTree = "<group>";
		};
		0F59016A29CA68AF00B69DB3 /* ScanImagesPOCTests */ = {
			isa = PBXGroup;
			children = (
				0F59016B29CA68AF00B69DB3 /* ScanImagesPOCTests.swift */,
			);
			path = ScanImagesPOCTests;
			sourceTree = "<group>";
		};
		0F59017429CA68AF00B69DB3 /* ScanImagesPOCUITests */ = {
			isa = PBXGroup;
			children = (
				0F59017529CA68AF00B69DB3 /* ScanImagesPOCUITests.swift */,
				0F59017729CA68AF00B69DB3 /* ScanImagesPOCUITestsLaunchTests.swift */,
			);
			path = ScanImagesPOCUITests;
			sourceTree = "<group>";
		};
		0F59018829CA74E700B69DB3 /* View */ = {
			isa = PBXGroup;
			children = (
				0F59015B29CA68AD00B69DB3 /* ScanView.swift */,
			);
			path = View;
			sourceTree = "<group>";
		};
		0F59018929CA74F000B69DB3 /* ViewModel */ = {
			isa = PBXGroup;
			children = (
				0F59018A29CA751B00B69DB3 /* ScanViewModel.swift */,
			);
			path = ViewModel;
			sourceTree = "<group>";
		};
		0F59018C29CA753600B69DB3 /* App */ = {
			isa = PBXGroup;
			children = (
				0F59015429CA68AD00B69DB3 /* ScanImagesPOCApp.swift */,
			);
			path = App;
			sourceTree = "<group>";
		};
/* End PBXGroup section */

/* Begin PBXNativeTarget section */
		0F59015029CA68AD00B69DB3 /* ScanImagesPOC */ = {
			isa = PBXNativeTarget;
			buildConfigurationList = 0F59017B29CA68AF00B69DB3 /* Build configuration list for PBXNativeTarget "ScanImagesPOC" */;
			buildPhases = (
				0F59014D29CA68AD00B69DB3 /* Sources */,
				0F59014E29CA68AD00B69DB3 /* Frameworks */,
				0F59014F29CA68AD00B69DB3 /* Resources */,
			);
			buildRules = (
			);
			dependencies = (
			);
			name = ScanImagesPOC;
			productName = ScanImagesPOC;
			productReference = 0F59015129CA68AD00B69DB3 /* ScanImagesPOC.app */;
			productType = "com.apple.product-type.application";
		};
		0F59016629CA68AF00B69DB3 /* ScanImagesPOCTests */ = {
			isa = PBXNativeTarget;
			buildConfigurationList = 0F59017E29CA68AF00B69DB3 /* Build configuration list for PBXNativeTarget "ScanImagesPOCTests" */;
			buildPhases = (
				0F59016329CA68AF00B69DB3 /* Sources */,
				0F59016429CA68AF00B69DB3 /* Frameworks */,
				0F59016529CA68AF00B69DB3 /* Resources */,
			);
			buildRules = (
			);
			dependencies = (
				0F59016929CA68AF00B69DB3 /* PBXTargetDependency */,
			);
			name = ScanImagesPOCTests;
			productName = ScanImagesPOCTests;
			productReference = 0F59016729CA68AF00B69DB3 /* ScanImagesPOCTests.xctest */;
			productType = "com.apple.product-type.bundle.unit-test";
		};
		0F59017029CA68AF00B69DB3 /* ScanImagesPOCUITests */ = {
			isa = PBXNativeTarget;
			buildConfigurationList = 0F59018129CA68AF00B69DB3 /* Build configuration list for PBXNativeTarget "ScanImagesPOCUITests" */;
			buildPhases = (
				0F59016D29CA68AF00B69DB3 /* Sources */,
				0F59016E29CA68AF00B69DB3 /* Frameworks */,
				0F59016F29CA68AF00B69DB3 /* Resources */,
			);
			buildRules = (
			);
			dependencies = (
				0F59017329CA68AF00B69DB3 /* PBXTargetDependency */,
			);
			name = ScanImagesPOCUITests;
			productName = ScanImagesPOCUITests;
			productReference = 0F59017129CA68AF00B69DB3 /* ScanImagesPOCUITests.xctest */;
			productType = "com.apple.product-type.bundle.ui-testing";
		};
/* End PBXNativeTarget section */

/* Begin PBXProject section */
		0F59014929CA68AD00B69DB3 /* Project object */ = {
			isa = PBXProject;
			attributes = {
				BuildIndependentTargetsInParallel = 1;
				LastSwiftUpdateCheck = 1420;
				LastUpgradeCheck = 1420;
				TargetAttributes = {
					0F59015029CA68AD00B69DB3 = {
						CreatedOnToolsVersion = 14.2;
					};
					0F59016629CA68AF00B69DB3 = {
						CreatedOnToolsVersion = 14.2;
						TestTargetID = 0F59015029CA68AD00B69DB3;
					};
					0F59017029CA68AF00B69DB3 = {
						CreatedOnToolsVersion = 14.2;
						TestTargetID = 0F59015029CA68AD00B69DB3;
					};
				};
			};
			buildConfigurationList = 0F59014C29CA68AD00B69DB3 /* Build configuration list for PBXProject "ScanImagesPOC" */;
			compatibilityVersion = "Xcode 14.0";
			developmentRegion = en;
			hasScannedForEncodings = 0;
			knownRegions = (
				en,
				Base,
			);
			mainGroup = 0F59014829CA68AD00B69DB3;
			productRefGroup = 0F59015229CA68AD00B69DB3 /* Products */;
			projectDirPath = "";
			projectRoot = "";
			targets = (
				0F59015029CA68AD00B69DB3 /* ScanImagesPOC */,
				0F59016629CA68AF00B69DB3 /* ScanImagesPOCTests */,
				0F59017029CA68AF00B69DB3 /* ScanImagesPOCUITests */,
			);
		};
/* End PBXProject section */

/* Begin PBXResourcesBuildPhase section */
		0F59014F29CA68AD00B69DB3 /* Resources */ = {
			isa = PBXResourcesBuildPhase;
			buildActionMask = 2147483647;
			files = (
				0F59016229CA68AF00B69DB3 /* Preview Assets.xcassets in Resources */,
				0F59015E29CA68AF00B69DB3 /* Assets.xcassets in Resources */,
			);
			runOnlyForDeploymentPostprocessing = 0;
		};
		0F59016529CA68AF00B69DB3 /* Resources */ = {
			isa = PBXResourcesBuildPhase;
			buildActionMask = 2147483647;
			files = (
			);
			runOnlyForDeploymentPostprocessing = 0;
		};
		0F59016F29CA68AF00B69DB3 /* Resources */ = {
			isa = PBXResourcesBuildPhase;
			buildActionMask = 2147483647;
			files = (
			);
			runOnlyForDeploymentPostprocessing = 0;
		};
/* End PBXResourcesBuildPhase section */

/* Begin PBXSourcesBuildPhase section */
		0F59014D29CA68AD00B69DB3 /* Sources */ = {
			isa = PBXSourcesBuildPhase;
			buildActionMask = 2147483647;
			files = (
				0F59015A29CA68AD00B69DB3 /* ScanImagesPOC.xcdatamodeld in Sources */,
				0F59015529CA68AD00B69DB3 /* ScanImagesPOCApp.swift in Sources */,
				0F59015C29CA68AD00B69DB3 /* ScanView.swift in Sources */,
				0F59018B29CA751B00B69DB3 /* ScanViewModel.swift in Sources */,
				0F59015729CA68AD00B69DB3 /* Persistence.swift in Sources */,
			);
			runOnlyForDeploymentPostprocessing = 0;
		};
		0F59016329CA68AF00B69DB3 /* Sources */ = {
			isa = PBXSourcesBuildPhase;
			buildActionMask = 2147483647;
			files = (
				0F59016C29CA68AF00B69DB3 /* ScanImagesPOCTests.swift in Sources */,
			);
			runOnlyForDeploymentPostprocessing = 0;
		};
		0F59016D29CA68AF00B69DB3 /* Sources */ = {
			isa = PBXSourcesBuildPhase;
			buildActionMask = 2147483647;
			files = (
				0F59017829CA68AF00B69DB3 /* ScanImagesPOCUITestsLaunchTests.swift in Sources */,
				0F59017629CA68AF00B69DB3 /* ScanImagesPOCUITests.swift in Sources */,
			);
			runOnlyForDeploymentPostprocessing = 0;
		};
/* End PBXSourcesBuildPhase section */

/* Begin PBXTargetDependency section */
		0F59016929CA68AF00B69DB3 /* PBXTargetDependency */ = {
			isa = PBXTargetDependency;
			target = 0F59015029CA68AD00B69DB3 /* ScanImagesPOC */;
			targetProxy = 0F59016829CA68AF00B69DB3 /* PBXContainerItemProxy */;
		};
		0F59017329CA68AF00B69DB3 /* PBXTargetDependency */ = {
			isa = PBXTargetDependency;
			target = 0F59015029CA68AD00B69DB3 /* ScanImagesPOC */;
			targetProxy = 0F59017229CA68AF00B69DB3 /* PBXContainerItemProxy */;
		};
/* End PBXTargetDependency section */

/* Begin XCBuildConfiguration section */
		0F59017929CA68AF00B69DB3 /* Debug */ = {
			isa = XCBuildConfiguration;
			buildSettings = {
				ALWAYS_SEARCH_USER_PATHS = NO;
				CLANG_ANALYZER_NONNULL = YES;
				CLANG_ANALYZER_NUMBER_OBJECT_CONVERSION = YES_AGGRESSIVE;
				CLANG_CXX_LANGUAGE_STANDARD = "gnu++20";
				CLANG_ENABLE_MODULES = YES;
				CLANG_ENABLE_OBJC_ARC = YES;
				CLANG_ENABLE_OBJC_WEAK = YES;
				CLANG_WARN_BLOCK_CAPTURE_AUTORELEASING = YES;
				CLANG_WARN_BOOL_CONVERSION = YES;
				CLANG_WARN_COMMA = YES;
				CLANG_WARN_CONSTANT_CONVERSION = YES;
				CLANG_WARN_DEPRECATED_OBJC_IMPLEMENTATIONS = YES;
				CLANG_WARN_DIRECT_OBJC_ISA_USAGE = YES_ERROR;
				CLANG_WARN_DOCUMENTATION_COMMENTS = YES;
				CLANG_WARN_EMPTY_BODY = YES;
				CLANG_WARN_ENUM_CONVERSION = YES;
				CLANG_WARN_INFINITE_RECURSION = YES;
				CLANG_WARN_INT_CONVERSION = YES;
				CLANG_WARN_NON_LITERAL_NULL_CONVERSION = YES;
				CLANG_WARN_OBJC_IMPLICIT_RETAIN_SELF = YES;
				CLANG_WARN_OBJC_LITERAL_CONVERSION = YES;
				CLANG_WARN_OBJC_ROOT_CLASS = YES_ERROR;
				CLANG_WARN_QUOTED_INCLUDE_IN_FRAMEWORK_HEADER = YES;
				CLANG_WARN_RANGE_LOOP_ANALYSIS = YES;
				CLANG_WARN_STRICT_PROTOTYPES = YES;
				CLANG_WARN_SUSPICIOUS_MOVE = YES;
				CLANG_WARN_UNGUARDED_AVAILABILITY = YES_AGGRESSIVE;
				CLANG_WARN_UNREACHABLE_CODE = YES;
				CLANG_WARN__DUPLICATE_METHOD_MATCH = YES;
				COPY_PHASE_STRIP = NO;
				DEBUG_INFORMATION_FORMAT = dwarf;
				ENABLE_STRICT_OBJC_MSGSEND = YES;
				ENABLE_TESTABILITY = YES;
				GCC_C_LANGUAGE_STANDARD = gnu11;
				GCC_DYNAMIC_NO_PIC = NO;
				GCC_NO_COMMON_BLOCKS = YES;
				GCC_OPTIMIZATION_LEVEL = 0;
				GCC_PREPROCESSOR_DEFINITIONS = (
					"DEBUG=1",
					"$(inherited)",
				);
				GCC_WARN_64_TO_32_BIT_CONVERSION = YES;
				GCC_WARN_ABOUT_RETURN_TYPE = YES_ERROR;
				GCC_WARN_UNDECLARED_SELECTOR = YES;
				GCC_WARN_UNINITIALIZED_AUTOS = YES_AGGRESSIVE;
				GCC_WARN_UNUSED_FUNCTION = YES;
				GCC_WARN_UNUSED_VARIABLE = YES;
				MTL_ENABLE_DEBUG_INFO = INCLUDE_SOURCE;
				MTL_FAST_MATH = YES;
				ONLY_ACTIVE_ARCH = YES;
				SWIFT_ACTIVE_COMPILATION_CONDITIONS = DEBUG;
				SWIFT_OPTIMIZATION_LEVEL = "-Onone";
			};
			name = Debug;
		};
		0F59017A29CA68AF00B69DB3 /* Release */ = {
			isa = XCBuildConfiguration;
			buildSettings = {
				ALWAYS_SEARCH_USER_PATHS = NO;
				CLANG_ANALYZER_NONNULL = YES;
				CLANG_ANALYZER_NUMBER_OBJECT_CONVERSION = YES_AGGRESSIVE;
				CLANG_CXX_LANGUAGE_STANDARD = "gnu++20";
				CLANG_ENABLE_MODULES = YES;
				CLANG_ENABLE_OBJC_ARC = YES;
				CLANG_ENABLE_OBJC_WEAK = YES;
				CLANG_WARN_BLOCK_CAPTURE_AUTORELEASING = YES;
				CLANG_WARN_BOOL_CONVERSION = YES;
				CLANG_WARN_COMMA = YES;
				CLANG_WARN_CONSTANT_CONVERSION = YES;
				CLANG_WARN_DEPRECATED_OBJC_IMPLEMENTATIONS = YES;
				CLANG_WARN_DIRECT_OBJC_ISA_USAGE = YES_ERROR;
				CLANG_WARN_DOCUMENTATION_COMMENTS = YES;
				CLANG_WARN_EMPTY_BODY = YES;
				CLANG_WARN_ENUM_CONVERSION = YES;
				CLANG_WARN_INFINITE_RECURSION = YES;
				CLANG_WARN_INT_CONVERSION = YES;
				CLANG_WARN_NON_LITERAL_NULL_CONVERSION = YES;
				CLANG_WARN_OBJC_IMPLICIT_RETAIN_SELF = YES;
				CLANG_WARN_OBJC_LITERAL_CONVERSION = YES;
				CLANG_WARN_OBJC_ROOT_CLASS = YES_ERROR;
				CLANG_WARN_QUOTED_INCLUDE_IN_FRAMEWORK_HEADER = YES;
				CLANG_WARN_RANGE_LOOP_ANALYSIS = YES;
				CLANG_WARN_STRICT_PROTOTYPES = YES;
				CLANG_WARN_SUSPICIOUS_MOVE = YES;
				CLANG_WARN_UNGUARDED_AVAILABILITY = YES_AGGRESSIVE;
				CLANG_WARN_UNREACHABLE_CODE = YES;
				CLANG_WARN__DUPLICATE_METHOD_MATCH = YES;
				COPY_PHASE_STRIP = NO;
				DEBUG_INFORMATION_FORMAT = "dwarf-with-dsym";
				ENABLE_NS_ASSERTIONS = NO;
				ENABLE_STRICT_OBJC_MSGSEND = YES;
				GCC_C_LANGUAGE_STANDARD = gnu11;
				GCC_NO_COMMON_BLOCKS = YES;
				GCC_WARN_64_TO_32_BIT_CONVERSION = YES;
				GCC_WARN_ABOUT_RETURN_TYPE = YES_ERROR;
				GCC_WARN_UNDECLARED_SELECTOR = YES;
				GCC_WARN_UNINITIALIZED_AUTOS = YES_AGGRESSIVE;
				GCC_WARN_UNUSED_FUNCTION = YES;
				GCC_WARN_UNUSED_VARIABLE = YES;
				MTL_ENABLE_DEBUG_INFO = NO;
				MTL_FAST_MATH = YES;
				SWIFT_COMPILATION_MODE = wholemodule;
				SWIFT_OPTIMIZATION_LEVEL = "-O";
			};
			name = Release;
		};
		0F59017C29CA68AF00B69DB3 /* Debug */ = {
			isa = XCBuildConfiguration;
			buildSettings = {
				ASSETCATALOG_COMPILER_APPICON_NAME = AppIcon;
				ASSETCATALOG_COMPILER_GLOBAL_ACCENT_COLOR_NAME = AccentColor;
				CODE_SIGN_ENTITLEMENTS = "";
				CODE_SIGN_INJECT_BASE_ENTITLEMENTS = YES;
				CODE_SIGN_STYLE = Automatic;
				CURRENT_PROJECT_VERSION = 1;
				DEVELOPMENT_ASSET_PATHS = "\"ScanImagesPOC/Preview Content\"";
				DEVELOPMENT_TEAM = B5BH4949Y8;
				ENABLE_HARDENED_RUNTIME = NO;
				ENABLE_PREVIEWS = YES;
				GENERATE_INFOPLIST_FILE = YES;
				INFOPLIST_KEY_NSCameraUsageDescription = "This app uses the Camera to allow you to scan documents";
				"INFOPLIST_KEY_UIApplicationSceneManifest_Generation[sdk=iphoneos*]" = YES;
				"INFOPLIST_KEY_UIApplicationSceneManifest_Generation[sdk=iphonesimulator*]" = YES;
				"INFOPLIST_KEY_UIApplicationSupportsIndirectInputEvents[sdk=iphoneos*]" = YES;
				"INFOPLIST_KEY_UIApplicationSupportsIndirectInputEvents[sdk=iphonesimulator*]" = YES;
				"INFOPLIST_KEY_UILaunchScreen_Generation[sdk=iphoneos*]" = YES;
				"INFOPLIST_KEY_UILaunchScreen_Generation[sdk=iphonesimulator*]" = YES;
				"INFOPLIST_KEY_UIStatusBarStyle[sdk=iphoneos*]" = UIStatusBarStyleDefault;
				"INFOPLIST_KEY_UIStatusBarStyle[sdk=iphonesimulator*]" = UIStatusBarStyleDefault;
				INFOPLIST_KEY_UISupportedInterfaceOrientations_iPad = "UIInterfaceOrientationPortrait UIInterfaceOrientationPortraitUpsideDown UIInterfaceOrientationLandscapeLeft UIInterfaceOrientationLandscapeRight";
				INFOPLIST_KEY_UISupportedInterfaceOrientations_iPhone = "UIInterfaceOrientationPortrait UIInterfaceOrientationLandscapeLeft UIInterfaceOrientationLandscapeRight";
				IPHONEOS_DEPLOYMENT_TARGET = 16.0;
				LD_RUNPATH_SEARCH_PATHS = "@executable_path/Frameworks";
				"LD_RUNPATH_SEARCH_PATHS[sdk=macosx*]" = "@executable_path/../Frameworks";
				MACOSX_DEPLOYMENT_TARGET = 13.1;
				MARKETING_VERSION = 1.0;
				PRODUCT_BUNDLE_IDENTIFIER = AppleResidence.ScanImagesPOC;
				PRODUCT_NAME = "$(TARGET_NAME)";
				SDKROOT = auto;
				SUPPORTED_PLATFORMS = "iphoneos iphonesimulator macosx";
				SWIFT_EMIT_LOC_STRINGS = YES;
				SWIFT_VERSION = 5.0;
				TARGETED_DEVICE_FAMILY = "1,2";
			};
			name = Debug;
		};
		0F59017D29CA68AF00B69DB3 /* Release */ = {
			isa = XCBuildConfiguration;
			buildSettings = {
				ASSETCATALOG_COMPILER_APPICON_NAME = AppIcon;
				ASSETCATALOG_COMPILER_GLOBAL_ACCENT_COLOR_NAME = AccentColor;
				CODE_SIGN_ENTITLEMENTS = "";
				CODE_SIGN_INJECT_BASE_ENTITLEMENTS = YES;
				CODE_SIGN_STYLE = Automatic;
				CURRENT_PROJECT_VERSION = 1;
				DEVELOPMENT_ASSET_PATHS = "\"ScanImagesPOC/Preview Content\"";
				DEVELOPMENT_TEAM = B5BH4949Y8;
				ENABLE_HARDENED_RUNTIME = NO;
				ENABLE_PREVIEWS = YES;
				GENERATE_INFOPLIST_FILE = YES;
				INFOPLIST_KEY_NSCameraUsageDescription = "This app uses the Camera to allow you to scan documents";
				"INFOPLIST_KEY_UIApplicationSceneManifest_Generation[sdk=iphoneos*]" = YES;
				"INFOPLIST_KEY_UIApplicationSceneManifest_Generation[sdk=iphonesimulator*]" = YES;
				"INFOPLIST_KEY_UIApplicationSupportsIndirectInputEvents[sdk=iphoneos*]" = YES;
				"INFOPLIST_KEY_UIApplicationSupportsIndirectInputEvents[sdk=iphonesimulator*]" = YES;
				"INFOPLIST_KEY_UILaunchScreen_Generation[sdk=iphoneos*]" = YES;
				"INFOPLIST_KEY_UILaunchScreen_Generation[sdk=iphonesimulator*]" = YES;
				"INFOPLIST_KEY_UIStatusBarStyle[sdk=iphoneos*]" = UIStatusBarStyleDefault;
				"INFOPLIST_KEY_UIStatusBarStyle[sdk=iphonesimulator*]" = UIStatusBarStyleDefault;
				INFOPLIST_KEY_UISupportedInterfaceOrientations_iPad = "UIInterfaceOrientationPortrait UIInterfaceOrientationPortraitUpsideDown UIInterfaceOrientationLandscapeLeft UIInterfaceOrientationLandscapeRight";
				INFOPLIST_KEY_UISupportedInterfaceOrientations_iPhone = "UIInterfaceOrientationPortrait UIInterfaceOrientationLandscapeLeft UIInterfaceOrientationLandscapeRight";
				IPHONEOS_DEPLOYMENT_TARGET = 16.0;
				LD_RUNPATH_SEARCH_PATHS = "@executable_path/Frameworks";
				"LD_RUNPATH_SEARCH_PATHS[sdk=macosx*]" = "@executable_path/../Frameworks";
				MACOSX_DEPLOYMENT_TARGET = 13.1;
				MARKETING_VERSION = 1.0;
				PRODUCT_BUNDLE_IDENTIFIER = AppleResidence.ScanImagesPOC;
				PRODUCT_NAME = "$(TARGET_NAME)";
				SDKROOT = auto;
				SUPPORTED_PLATFORMS = "iphoneos iphonesimulator macosx";
				SWIFT_EMIT_LOC_STRINGS = YES;
				SWIFT_VERSION = 5.0;
				TARGETED_DEVICE_FAMILY = "1,2";
			};
			name = Release;
		};
		0F59017F29CA68AF00B69DB3 /* Debug */ = {
			isa = XCBuildConfiguration;
			buildSettings = {
				ALWAYS_EMBED_SWIFT_STANDARD_LIBRARIES = YES;
				BUNDLE_LOADER = "$(TEST_HOST)";
				CODE_SIGN_STYLE = Automatic;
				CURRENT_PROJECT_VERSION = 1;
				DEVELOPMENT_TEAM = B5BH4949Y8;
				GENERATE_INFOPLIST_FILE = YES;
				IPHONEOS_DEPLOYMENT_TARGET = 16.2;
				MACOSX_DEPLOYMENT_TARGET = 13.1;
				MARKETING_VERSION = 1.0;
				PRODUCT_BUNDLE_IDENTIFIER = AppleResidence.ScanImagesPOCTests;
				PRODUCT_NAME = "$(TARGET_NAME)";
				SDKROOT = auto;
				SUPPORTED_PLATFORMS = "iphoneos iphonesimulator macosx";
				SWIFT_EMIT_LOC_STRINGS = NO;
				SWIFT_VERSION = 5.0;
				TARGETED_DEVICE_FAMILY = "1,2";
				TEST_HOST = "$(BUILT_PRODUCTS_DIR)/ScanImagesPOC.app/$(BUNDLE_EXECUTABLE_FOLDER_PATH)/ScanImagesPOC";
			};
			name = Debug;
		};
		0F59018029CA68AF00B69DB3 /* Release */ = {
			isa = XCBuildConfiguration;
			buildSettings = {
				ALWAYS_EMBED_SWIFT_STANDARD_LIBRARIES = YES;
				BUNDLE_LOADER = "$(TEST_HOST)";
				CODE_SIGN_STYLE = Automatic;
				CURRENT_PROJECT_VERSION = 1;
				DEVELOPMENT_TEAM = B5BH4949Y8;
				GENERATE_INFOPLIST_FILE = YES;
				IPHONEOS_DEPLOYMENT_TARGET = 16.2;
				MACOSX_DEPLOYMENT_TARGET = 13.1;
				MARKETING_VERSION = 1.0;
				PRODUCT_BUNDLE_IDENTIFIER = AppleResidence.ScanImagesPOCTests;
				PRODUCT_NAME = "$(TARGET_NAME)";
				SDKROOT = auto;
				SUPPORTED_PLATFORMS = "iphoneos iphonesimulator macosx";
				SWIFT_EMIT_LOC_STRINGS = NO;
				SWIFT_VERSION = 5.0;
				TARGETED_DEVICE_FAMILY = "1,2";
				TEST_HOST = "$(BUILT_PRODUCTS_DIR)/ScanImagesPOC.app/$(BUNDLE_EXECUTABLE_FOLDER_PATH)/ScanImagesPOC";
			};
			name = Release;
		};
		0F59018229CA68AF00B69DB3 /* Debug */ = {
			isa = XCBuildConfiguration;
			buildSettings = {
				ALWAYS_EMBED_SWIFT_STANDARD_LIBRARIES = YES;
				CODE_SIGN_STYLE = Automatic;
				CURRENT_PROJECT_VERSION = 1;
				DEVELOPMENT_TEAM = B5BH4949Y8;
				GENERATE_INFOPLIST_FILE = YES;
				IPHONEOS_DEPLOYMENT_TARGET = 16.2;
				MACOSX_DEPLOYMENT_TARGET = 13.1;
				MARKETING_VERSION = 1.0;
				PRODUCT_BUNDLE_IDENTIFIER = AppleResidence.ScanImagesPOCUITests;
				PRODUCT_NAME = "$(TARGET_NAME)";
				SDKROOT = auto;
				SUPPORTED_PLATFORMS = "iphoneos iphonesimulator macosx";
				SWIFT_EMIT_LOC_STRINGS = NO;
				SWIFT_VERSION = 5.0;
				TARGETED_DEVICE_FAMILY = "1,2";
				TEST_TARGET_NAME = ScanImagesPOC;
			};
			name = Debug;
		};
		0F59018329CA68AF00B69DB3 /* Release */ = {
			isa = XCBuildConfiguration;
			buildSettings = {
				ALWAYS_EMBED_SWIFT_STANDARD_LIBRARIES = YES;
				CODE_SIGN_STYLE = Automatic;
				CURRENT_PROJECT_VERSION = 1;
				DEVELOPMENT_TEAM = B5BH4949Y8;
				GENERATE_INFOPLIST_FILE = YES;
				IPHONEOS_DEPLOYMENT_TARGET = 16.2;
				MACOSX_DEPLOYMENT_TARGET = 13.1;
				MARKETING_VERSION = 1.0;
				PRODUCT_BUNDLE_IDENTIFIER = AppleResidence.ScanImagesPOCUITests;
				PRODUCT_NAME = "$(TARGET_NAME)";
				SDKROOT = auto;
				SUPPORTED_PLATFORMS = "iphoneos iphonesimulator macosx";
				SWIFT_EMIT_LOC_STRINGS = NO;
				SWIFT_VERSION = 5.0;
				TARGETED_DEVICE_FAMILY = "1,2";
				TEST_TARGET_NAME = ScanImagesPOC;
			};
			name = Release;
		};
/* End XCBuildConfiguration section */

/* Begin XCConfigurationList section */
		0F59014C29CA68AD00B69DB3 /* Build configuration list for PBXProject "ScanImagesPOC" */ = {
			isa = XCConfigurationList;
			buildConfigurations = (
				0F59017929CA68AF00B69DB3 /* Debug */,
				0F59017A29CA68AF00B69DB3 /* Release */,
			);
			defaultConfigurationIsVisible = 0;
			defaultConfigurationName = Release;
		};
		0F59017B29CA68AF00B69DB3 /* Build configuration list for PBXNativeTarget "ScanImagesPOC" */ = {
			isa = XCConfigurationList;
			buildConfigurations = (
				0F59017C29CA68AF00B69DB3 /* Debug */,
				0F59017D29CA68AF00B69DB3 /* Release */,
			);
			defaultConfigurationIsVisible = 0;
			defaultConfigurationName = Release;
		};
		0F59017E29CA68AF00B69DB3 /* Build configuration list for PBXNativeTarget "ScanImagesPOCTests" */ = {
			isa = XCConfigurationList;
			buildConfigurations = (
				0F59017F29CA68AF00B69DB3 /* Debug */,
				0F59018029CA68AF00B69DB3 /* Release */,
			);
			defaultConfigurationIsVisible = 0;
			defaultConfigurationName = Release;
		};
		0F59018129CA68AF00B69DB3 /* Build configuration list for PBXNativeTarget "ScanImagesPOCUITests" */ = {
			isa = XCConfigurationList;
			buildConfigurations = (
				0F59018229CA68AF00B69DB3 /* Debug */,
				0F59018329CA68AF00B69DB3 /* Release */,
			);
			defaultConfigurationIsVisible = 0;
			defaultConfigurationName = Release;
		};
/* End XCConfigurationList section */

/* Begin XCVersionGroup section */
		0F59015829CA68AD00B69DB3 /* ScanImagesPOC.xcdatamodeld */ = {
			isa = XCVersionGroup;
			children = (
				0F59015929CA68AD00B69DB3 /* ScanImagesPOC.xcdatamodel */,
			);
			currentVersion = 0F59015929CA68AD00B69DB3 /* ScanImagesPOC.xcdatamodel */;
			path = ScanImagesPOC.xcdatamodeld;
			sourceTree = "<group>";
			versionGroupType = wrapper.xcdatamodel;
		};
/* End XCVersionGroup section */
	};
	rootObject = 0F59014929CA68AD00B69DB3 /* Project object */;
}
